version = 1
requires-python = ">=3.11"

[[package]]
name = "elsci-peaksel-sdk"
version = "1.0.0"
source = { virtual = "." }
dependencies = [
    { name = "urllib3" },
]

[package.metadata]
requires-dist = [{ name = "urllib3", specifier = ">=2.0.2" }]

[[package]]
name = "urllib3"
version = "2.0.2"
source = { registry = "https://pypi.org/simple" }
sdist = { url = "https://files.pythonhosted.org/packages/fb/c0/1abba1a1233b81cf2e36f56e05194f5e8a0cec8c03c244cab56cc9dfb5bd/urllib3-2.0.2.tar.gz", hash = "sha256:61717a1095d7e155cdb737ac7bb2f4324a858a1e2e6466f6d03ff630ca68d3cc", size = 277703 }
wheels = [
    { url = "https://files.pythonhosted.org/packages/4b/1d/f8383ef593114755429c307449e7717b87044b3bcd5f7860b89b1f759e34/urllib3-2.0.2-py3-none-any.whl", hash = "sha256:d055c2f9d38dc53c808f6fdc8eab7360b6fdbbde02340ed25cfbcd817c62469e", size = 123247 },
]
